
Microsoft Visual Studio Solution File, Format Version 12.00
# Visual Studio Version 17
VisualStudioVersion = 17.10.35004.147
MinimumVisualStudioVersion = 10.0.40219.1
Project("{FAE04EC0-301F-11D3-BF4B-00C04F79EFBC}") = "DataStructures_HW", "DataStructures_HW\DataStructures_HW.csproj", "{77E7495E-9F51-4622-A27D-B929EF8093CF}"
EndProject
Global
	GlobalSection(SolutionConfigurationPlatforms) = preSolution
		Debug|Any CPU = Debug|Any CPU
		Release|Any CPU = Release|Any CPU
	EndGlobalSection
	GlobalSection(ProjectConfigurationPlatforms) = postSolution
		{77E7495E-9F51-4622-A27D-B929EF8093CF}.Debug|Any CPU.ActiveCfg = Debug|Any CPU
		{77E7495E-9F51-4622-A27D-B929EF8093CF}.Debug|Any CPU.Build.0 = Debug|Any CPU
		{77E7495E-9F51-4622-A27D-B929EF8093CF}.Release|Any CPU.ActiveCfg = Release|Any CPU
		{77E7495E-9F51-4622-A27D-B929EF8093CF}.Release|Any CPU.Build.0 = Release|Any CPU
	EndGlobalSection
	GlobalSection(SolutionProperties) = preSolution
		HideSolutionNode = FALSE
	EndGlobalSection
	GlobalSection(ExtensibilityGlobals) = postSolution
		SolutionGuid = {E915736D-284F-44B5-B8CF-BE48D06A3475}
	EndGlobalSection
EndGlobal
